// !$*UTF8*$!
{
	archiveVersion = 1;
	classes = {
	};
	objectVersion = 50;
	objects = {

/* Begin PBXBuildFile section */
		63331E2CA39C11FC1D57C283 /* Pods_Artbook.framework in Frameworks */ = {isa = PBXBuildFile; fileRef = 1CAC763B051D6764B72CBB79 /* Pods_Artbook.framework */; };
		EE534478223252B6005A77F5 /* AppDelegate.swift in Sources */ = {isa = PBXBuildFile; fileRef = EE534477223252B6005A77F5 /* AppDelegate.swift */; };
		EE53447A223252B6005A77F5 /* ViewController.swift in Sources */ = {isa = PBXBuildFile; fileRef = EE534479223252B6005A77F5 /* ViewController.swift */; };
		EE53447D223252B6005A77F5 /* Main.storyboard in Resources */ = {isa = PBXBuildFile; fileRef = EE53447B223252B6005A77F5 /* Main.storyboard */; };
		EE534480223252B6005A77F5 /* Artbook.xcdatamodeld in Sources */ = {isa = PBXBuildFile; fileRef = EE53447E223252B6005A77F5 /* Artbook.xcdatamodeld */; };
		EE534482223252C2005A77F5 /* Assets.xcassets in Resources */ = {isa = PBXBuildFile; fileRef = EE534481223252C2005A77F5 /* Assets.xcassets */; };
		EE534485223252C2005A77F5 /* LaunchScreen.storyboard in Resources */ = {isa = PBXBuildFile; fileRef = EE534483223252C2005A77F5 /* LaunchScreen.storyboard */; };
		EE53448D2232568C005A77F5 /* Artist.swift in Sources */ = {isa = PBXBuildFile; fileRef = EE53448C2232568C005A77F5 /* Artist.swift */; };
		EE53448F22325948005A77F5 /* SecondViewController.swift in Sources */ = {isa = PBXBuildFile; fileRef = EE53448E22325948005A77F5 /* SecondViewController.swift */; };
/* End PBXBuildFile section */

/* Begin PBXFileReference section */
		1CAC763B051D6764B72CBB79 /* Pods_Artbook.framework */ = {isa = PBXFileReference; explicitFileType = wrapper.framework; includeInIndex = 0; path = Pods_Artbook.framework; sourceTree = BUILT_PRODUCTS_DIR; };
		37B23EEA069467D96EB25696 /* Pods-Artbook.debug.xcconfig */ = {isa = PBXFileReference; includeInIndex = 1; lastKnownFileType = text.xcconfig; name = "Pods-Artbook.debug.xcconfig"; path = "Target Support Files/Pods-Artbook/Pods-Artbook.debug.xcconfig"; sourceTree = "<group>"; };
		704D30B4913166A647EF344D /* Pods-Artbook.release.xcconfig */ = {isa = PBXFileReference; includeInIndex = 1; lastKnownFileType = text.xcconfig; name = "Pods-Artbook.release.xcconfig"; path = "Target Support Files/Pods-Artbook/Pods-Artbook.release.xcconfig"; sourceTree = "<group>"; };
		EE534474223252B6005A77F5 /* Artbook.app */ = {isa = PBXFileReference; explicitFileType = wrapper.application; includeInIndex = 0; path = Artbook.app; sourceTree = BUILT_PRODUCTS_DIR; };
		EE534477223252B6005A77F5 /* AppDelegate.swift */ = {isa = PBXFileReference; lastKnownFileType = sourcecode.swift; path = AppDelegate.swift; sourceTree = "<group>"; };
		EE534479223252B6005A77F5 /* ViewController.swift */ = {isa = PBXFileReference; lastKnownFileType = sourcecode.swift; path = ViewController.swift; sourceTree = "<group>"; };
		EE53447C223252B6005A77F5 /* Base */ = {isa = PBXFileReference; lastKnownFileType = file.storyboard; name = Base; path = Base.lproj/Main.storyboard; sourceTree = "<group>"; };
		EE53447F223252B6005A77F5 /* Artbook.xcdatamodel */ = {isa = PBXFileReference; lastKnownFileType = wrapper.xcdatamodel; path = Artbook.xcdatamodel; sourceTree = "<group>"; };
		EE534481223252C2005A77F5 /* Assets.xcassets */ = {isa = PBXFileReference; lastKnownFileType = folder.assetcatalog; path = Assets.xcassets; sourceTree = "<group>"; };
		EE534484223252C2005A77F5 /* Base */ = {isa = PBXFileReference; lastKnownFileType = file.storyboard; name = Base; path = Base.lproj/LaunchScreen.storyboard; sourceTree = "<group>"; };
		EE534486223252C2005A77F5 /* Info.plist */ = {isa = PBXFileReference; lastKnownFileType = text.plist.xml; path = Info.plist; sourceTree = "<group>"; };
		EE53448C2232568C005A77F5 /* Artist.swift */ = {isa = PBXFileReference; lastKnownFileType = sourcecode.swift; path = Artist.swift; sourceTree = "<group>"; };
		EE53448E22325948005A77F5 /* SecondViewController.swift */ = {isa = PBXFileReference; lastKnownFileType = sourcecode.swift; path = SecondViewController.swift; sourceTree = "<group>"; };
/* End PBXFileReference section */

/* Begin PBXFrameworksBuildPhase section */
		EE534471223252B5005A77F5 /* Frameworks */ = {
			isa = PBXFrameworksBuildPhase;
			buildActionMask = 2147483647;
			files = (
				63331E2CA39C11FC1D57C283 /* Pods_Artbook.framework in Frameworks */,
			);
			runOnlyForDeploymentPostprocessing = 0;
		};
/* End PBXFrameworksBuildPhase section */

/* Begin PBXGroup section */
		3B7D2F425B91B9400AE02663 /* Pods */ = {
			isa = PBXGroup;
			children = (
				37B23EEA069467D96EB25696 /* Pods-Artbook.debug.xcconfig */,
				704D30B4913166A647EF344D /* Pods-Artbook.release.xcconfig */,
			);
			path = Pods;
			sourceTree = "<group>";
		};
		731BFEB6B0F391DC99BEAA87 /* Frameworks */ = {
			isa = PBXGroup;
			children = (
				1CAC763B051D6764B72CBB79 /* Pods_Artbook.framework */,
			);
			name = Frameworks;
			sourceTree = "<group>";
		};
		EE53446B223252B5005A77F5 = {
			isa = PBXGroup;
			children = (
				EE534476223252B6005A77F5 /* Artbook */,
				EE534475223252B6005A77F5 /* Products */,
				3B7D2F425B91B9400AE02663 /* Pods */,
				731BFEB6B0F391DC99BEAA87 /* Frameworks */,
			);
			sourceTree = "<group>";
		};
		EE534475223252B6005A77F5 /* Products */ = {
			isa = PBXGroup;
			children = (
				EE534474223252B6005A77F5 /* Artbook.app */,
			);
			name = Products;
			sourceTree = "<group>";
		};
		EE534476223252B6005A77F5 /* Artbook */ = {
			isa = PBXGroup;
			children = (
				EE534477223252B6005A77F5 /* AppDelegate.swift */,
				EE534479223252B6005A77F5 /* ViewController.swift */,
				EE53448C2232568C005A77F5 /* Artist.swift */,
				EE53447B223252B6005A77F5 /* Main.storyboard */,
				EE53448E22325948005A77F5 /* SecondViewController.swift */,
				EE534481223252C2005A77F5 /* Assets.xcassets */,
				EE534483223252C2005A77F5 /* LaunchScreen.storyboard */,
				EE534486223252C2005A77F5 /* Info.plist */,
				EE53447E223252B6005A77F5 /* Artbook.xcdatamodeld */,
			);
			path = Artbook;
			sourceTree = "<group>";
		};
/* End PBXGroup section */

/* Begin PBXNativeTarget section */
		EE534473223252B5005A77F5 /* Artbook */ = {
			isa = PBXNativeTarget;
			buildConfigurationList = EE534489223252C2005A77F5 /* Build configuration list for PBXNativeTarget "Artbook" */;
			buildPhases = (
				419D1D8F0CBC40BA877A1944 /* [CP] Check Pods Manifest.lock */,
				EE534470223252B5005A77F5 /* Sources */,
				EE534471223252B5005A77F5 /* Frameworks */,
				EE534472223252B5005A77F5 /* Resources */,
				171A09FD0492F88CCE10A4F4 /* [CP] Embed Pods Frameworks */,
			);
			buildRules = (
			);
			dependencies = (
			);
			name = Artbook;
			productName = Artbook;
			productReference = EE534474223252B6005A77F5 /* Artbook.app */;
			productType = "com.apple.product-type.application";
		};
/* End PBXNativeTarget section */

/* Begin PBXProject section */
		EE53446C223252B5005A77F5 /* Project object */ = {
			isa = PBXProject;
			attributes = {
				LastSwiftUpdateCheck = 1010;
				LastUpgradeCheck = 1010;
				ORGANIZATIONNAME = "Özgür  Elmaslı";
				TargetAttributes = {
					EE534473223252B5005A77F5 = {
						CreatedOnToolsVersion = 10.1;
					};
				};
			};
			buildConfigurationList = EE53446F223252B5005A77F5 /* Build configuration list for PBXProject "Artbook" */;
			compatibilityVersion = "Xcode 9.3";
			developmentRegion = en;
			hasScannedForEncodings = 0;
			knownRegions = (
				en,
				Base,
			);
			mainGroup = EE53446B223252B5005A77F5;
			productRefGroup = EE534475223252B6005A77F5 /* Products */;
			projectDirPath = "";
			projectRoot = "";
			targets = (
				EE534473223252B5005A77F5 /* Artbook */,
			);
		};
/* End PBXProject section */

/* Begin PBXResourcesBuildPhase section */
		EE534472223252B5005A77F5 /* Resources */ = {
			isa = PBXResourcesBuildPhase;
			buildActionMask = 2147483647;
			files = (
				EE534485223252C2005A77F5 /* LaunchScreen.storyboard in Resources */,
				EE534482223252C2005A77F5 /* Assets.xcassets in Resources */,
				EE53447D223252B6005A77F5 /* Main.storyboard in Resources */,
			);
			runOnlyForDeploymentPostprocessing = 0;
		};
/* End PBXResourcesBuildPhase section */

/* Begin PBXShellScriptBuildPhase section */
		171A09FD0492F88CCE10A4F4 /* [CP] Embed Pods Frameworks */ = {
			isa = PBXShellScriptBuildPhase;
			buildActionMask = 2147483647;
			files = (
			);
			inputFileListPaths = (
			);
			inputPaths = (
				"${PODS_ROOT}/Target Support Files/Pods-Artbook/Pods-Artbook-frameworks.sh",
				"${BUILT_PRODUCTS_DIR}/Realm/Realm.framework",
				"${BUILT_PRODUCTS_DIR}/RealmSwift/RealmSwift.framework",
			);
			name = "[CP] Embed Pods Frameworks";
			outputFileListPaths = (
			);
			outputPaths = (
				"${TARGET_BUILD_DIR}/${FRAMEWORKS_FOLDER_PATH}/Realm.framework",
				"${TARGET_BUILD_DIR}/${FRAMEWORKS_FOLDER_PATH}/RealmSwift.framework",
			);
			runOnlyForDeploymentPostprocessing = 0;
			shellPath = /bin/sh;
			shellScript = "\"${PODS_ROOT}/Target Support Files/Pods-Artbook/Pods-Artbook-frameworks.sh\"\n";
			showEnvVarsInLog = 0;
		};
		419D1D8F0CBC40BA877A1944 /* [CP] Check Pods Manifest.lock */ = {
			isa = PBXShellScriptBuildPhase;
			buildActionMask = 2147483647;
			files = (
			);
			inputFileListPaths = (
			);
			inputPaths = (
				"${PODS_PODFILE_DIR_PATH}/Podfile.lock",
				"${PODS_ROOT}/Manifest.lock",
			);
			name = "[CP] Check Pods Manifest.lock";
			outputFileListPaths = (
			);
			outputPaths = (
				"$(DERIVED_FILE_DIR)/Pods-Artbook-checkManifestLockResult.txt",
			);
			runOnlyForDeploymentPostprocessing = 0;
			shellPath = /bin/sh;
			shellScript = "diff \"${PODS_PODFILE_DIR_PATH}/Podfile.lock\" \"${PODS_ROOT}/Manifest.lock\" > /dev/null\nif [ $? != 0 ] ; then\n    # print error to STDERR\n    echo \"error: The sandbox is not in sync with the Podfile.lock. Run 'pod install' or update your CocoaPods installation.\" >&2\n    exit 1\nfi\n# This output is used by Xcode 'outputs' to avoid re-running this script phase.\necho \"SUCCESS\" > \"${SCRIPT_OUTPUT_FILE_0}\"\n";
			showEnvVarsInLog = 0;
		};
/* End PBXShellScriptBuildPhase section */

/* Begin PBXSourcesBuildPhase section */
		EE534470223252B5005A77F5 /* Sources */ = {
			isa = PBXSourcesBuildPhase;
			buildActionMask = 2147483647;
			files = (
				EE53447A223252B6005A77F5 /* ViewController.swift in Sources */,
				EE534478223252B6005A77F5 /* AppDelegate.swift in Sources */,
				EE53448D2232568C005A77F5 /* Artist.swift in Sources */,
				EE53448F22325948005A77F5 /* SecondViewController.swift in Sources */,
				EE534480223252B6005A77F5 /* Artbook.xcdatamodeld in Sources */,
			);
			runOnlyForDeploymentPostprocessing = 0;
		};
/* End PBXSourcesBuildPhase section */

/* Begin PBXVariantGroup section */
		EE53447B223252B6005A77F5 /* Main.storyboard */ = {
			isa = PBXVariantGroup;
			children = (
				EE53447C223252B6005A77F5 /* Base */,
			);
			name = Main.storyboard;
			sourceTree = "<group>";
		};
		EE534483223252C2005A77F5 /* LaunchScreen.storyboard */ = {
			isa = PBXVariantGroup;
			children = (
				EE534484223252C2005A77F5 /* Base */,
			);
			name = LaunchScreen.storyboard;
			sourceTree = "<group>";
		};
/* End PBXVariantGroup section */

/* Begin XCBuildConfiguration section */
		EE534487223252C2005A77F5 /* Debug */ = {
			isa = XCBuildConfiguration;
			buildSettings = {
				ALWAYS_SEARCH_USER_PATHS = NO;
				CLANG_ANALYZER_NONNULL = YES;
				CLANG_ANALYZER_NUMBER_OBJECT_CONVERSION = YES_AGGRESSIVE;
				CLANG_CXX_LANGUAGE_STANDARD = "gnu++14";
				CLANG_CXX_LIBRARY = "libc++";
				CLANG_ENABLE_MODULES = YES;
				CLANG_ENABLE_OBJC_ARC = YES;
				CLANG_ENABLE_OBJC_WEAK = YES;
				CLANG_WARN_BLOCK_CAPTURE_AUTORELEASING = YES;
				CLANG_WARN_BOOL_CONVERSION = YES;
				CLANG_WARN_COMMA = YES;
				CLANG_WARN_CONSTANT_CONVERSION = YES;
				CLANG_WARN_DEPRECATED_OBJC_IMPLEMENTATIONS = YES;
				CLANG_WARN_DIRECT_OBJC_ISA_USAGE = YES_ERROR;
				CLANG_WARN_DOCUMENTATION_COMMENTS = YES;
				CLANG_WARN_EMPTY_BODY = YES;
				CLANG_WARN_ENUM_CONVERSION = YES;
				CLANG_WARN_INFINITE_RECURSION = YES;
				CLANG_WARN_INT_CONVERSION = YES;
				CLANG_WARN_NON_LITERAL_NULL_CONVERSION = YES;
				CLANG_WARN_OBJC_IMPLICIT_RETAIN_SELF = YES;
				CLANG_WARN_OBJC_LITERAL_CONVERSION = YES;
				CLANG_WARN_OBJC_ROOT_CLASS = YES_ERROR;
				CLANG_WARN_RANGE_LOOP_ANALYSIS = YES;
				CLANG_WARN_STRICT_PROTOTYPES = YES;
				CLANG_WARN_SUSPICIOUS_MOVE = YES;
				CLANG_WARN_UNGUARDED_AVAILABILITY = YES_AGGRESSIVE;
				CLANG_WARN_UNREACHABLE_CODE = YES;
				CLANG_WARN__DUPLICATE_METHOD_MATCH = YES;
				CODE_SIGN_IDENTITY = "iPhone Developer";
				COPY_PHASE_STRIP = NO;
				DEBUG_INFORMATION_FORMAT = dwarf;
				ENABLE_STRICT_OBJC_MSGSEND = YES;
				ENABLE_TESTABILITY = YES;
				GCC_C_LANGUAGE_STANDARD = gnu11;
				GCC_DYNAMIC_NO_PIC = NO;
				GCC_NO_COMMON_BLOCKS = YES;
				GCC_OPTIMIZATION_LEVEL = 0;
				GCC_PREPROCESSOR_DEFINITIONS = (
					"DEBUG=1",
					"$(inherited)",
				);
				GCC_WARN_64_TO_32_BIT_CONVERSION = YES;
				GCC_WARN_ABOUT_RETURN_TYPE = YES_ERROR;
				GCC_WARN_UNDECLARED_SELECTOR = YES;
				GCC_WARN_UNINITIALIZED_AUTOS = YES_AGGRESSIVE;
				GCC_WARN_UNUSED_FUNCTION = YES;
				GCC_WARN_UNUSED_VARIABLE = YES;
				IPHONEOS_DEPLOYMENT_TARGET = 12.1;
				MTL_ENABLE_DEBUG_INFO = INCLUDE_SOURCE;
				MTL_FAST_MATH = YES;
				ONLY_ACTIVE_ARCH = YES;
				SDKROOT = iphoneos;
				SWIFT_ACTIVE_COMPILATION_CONDITIONS = DEBUG;
				SWIFT_OPTIMIZATION_LEVEL = "-Onone";
			};
			name = Debug;
		};
		EE534488223252C2005A77F5 /* Release */ = {
			isa = XCBuildConfiguration;
			buildSettings = {
				ALWAYS_SEARCH_USER_PATHS = NO;
				CLANG_ANALYZER_NONNULL = YES;
				CLANG_ANALYZER_NUMBER_OBJECT_CONVERSION = YES_AGGRESSIVE;
				CLANG_CXX_LANGUAGE_STANDARD = "gnu++14";
				CLANG_CXX_LIBRARY = "libc++";
				CLANG_ENABLE_MODULES = YES;
				CLANG_ENABLE_OBJC_ARC = YES;
				CLANG_ENABLE_OBJC_WEAK = YES;
				CLANG_WARN_BLOCK_CAPTURE_AUTORELEASING = YES;
				CLANG_WARN_BOOL_CONVERSION = YES;
				CLANG_WARN_COMMA = YES;
				CLANG_WARN_CONSTANT_CONVERSION = YES;
				CLANG_WARN_DEPRECATED_OBJC_IMPLEMENTATIONS = YES;
				CLANG_WARN_DIRECT_OBJC_ISA_USAGE = YES_ERROR;
				CLANG_WARN_DOCUMENTATION_COMMENTS = YES;
				CLANG_WARN_EMPTY_BODY = YES;
				CLANG_WARN_ENUM_CONVERSION = YES;
				CLANG_WARN_INFINITE_RECURSION = YES;
				CLANG_WARN_INT_CONVERSION = YES;
				CLANG_WARN_NON_LITERAL_NULL_CONVERSION = YES;
				CLANG_WARN_OBJC_IMPLICIT_RETAIN_SELF = YES;
				CLANG_WARN_OBJC_LITERAL_CONVERSION = YES;
				CLANG_WARN_OBJC_ROOT_CLASS = YES_ERROR;
				CLANG_WARN_RANGE_LOOP_ANALYSIS = YES;
				CLANG_WARN_STRICT_PROTOTYPES = YES;
				CLANG_WARN_SUSPICIOUS_MOVE = YES;
				CLANG_WARN_UNGUARDED_AVAILABILITY = YES_AGGRESSIVE;
				CLANG_WARN_UNREACHABLE_CODE = YES;
				CLANG_WARN__DUPLICATE_METHOD_MATCH = YES;
				CODE_SIGN_IDENTITY = "iPhone Developer";
				COPY_PHASE_STRIP = NO;
				DEBUG_INFORMATION_FORMAT = "dwarf-with-dsym";
				ENABLE_NS_ASSERTIONS = NO;
				ENABLE_STRICT_OBJC_MSGSEND = YES;
				GCC_C_LANGUAGE_STANDARD = gnu11;
				GCC_NO_COMMON_BLOCKS = YES;
				GCC_WARN_64_TO_32_BIT_CONVERSION = YES;
				GCC_WARN_ABOUT_RETURN_TYPE = YES_ERROR;
				GCC_WARN_UNDECLARED_SELECTOR = YES;
				GCC_WARN_UNINITIALIZED_AUTOS = YES_AGGRESSIVE;
				GCC_WARN_UNUSED_FUNCTION = YES;
				GCC_WARN_UNUSED_VARIABLE = YES;
				IPHONEOS_DEPLOYMENT_TARGET = 12.1;
				MTL_ENABLE_DEBUG_INFO = NO;
				MTL_FAST_MATH = YES;
				SDKROOT = iphoneos;
				SWIFT_COMPILATION_MODE = wholemodule;
				SWIFT_OPTIMIZATION_LEVEL = "-O";
				VALIDATE_PRODUCT = YES;
			};
			name = Release;
		};
		EE53448A223252C2005A77F5 /* Debug */ = {
			isa = XCBuildConfiguration;
			baseConfigurationReference = 37B23EEA069467D96EB25696 /* Pods-Artbook.debug.xcconfig */;
			buildSettings = {
				ASSETCATALOG_COMPILER_APPICON_NAME = AppIcon;
				CODE_SIGN_STYLE = Automatic;
				DEVELOPMENT_TEAM = T2FENB68MY;
				INFOPLIST_FILE = Artbook/Info.plist;
				LD_RUNPATH_SEARCH_PATHS = (
					"$(inherited)",
					"@executable_path/Frameworks",
				);
				PRODUCT_BUNDLE_IDENTIFIER = com.ozgurelmasli.Artbook;
				PRODUCT_NAME = "$(TARGET_NAME)";
				SWIFT_VERSION = 4.2;
				TARGETED_DEVICE_FAMILY = "1,2";
			};
			name = Debug;
		};
		EE53448B223252C2005A77F5 /* Release */ = {
			isa = XCBuildConfiguration;
			baseConfigurationReference = 704D30B4913166A647EF344D /* Pods-Artbook.release.xcconfig */;
			buildSettings = {
				ASSETCATALOG_COMPILER_APPICON_NAME = AppIcon;
				CODE_SIGN_STYLE = Automatic;
				DEVELOPMENT_TEAM = T2FENB68MY;
				INFOPLIST_FILE = Artbook/Info.plist;
				LD_RUNPATH_SEARCH_PATHS = (
					"$(inherited)",
					"@executable_path/Frameworks",
				);
				PRODUCT_BUNDLE_IDENTIFIER = com.ozgurelmasli.Artbook;
				PRODUCT_NAME = "$(TARGET_NAME)";
				SWIFT_VERSION = 4.2;
				TARGETED_DEVICE_FAMILY = "1,2";
			};
			name = Release;
		};
/* End XCBuildConfiguration section */

/* Begin XCConfigurationList section */
		EE53446F223252B5005A77F5 /* Build configuration list for PBXProject "Artbook" */ = {
			isa = XCConfigurationList;
			buildConfigurations = (
				EE534487223252C2005A77F5 /* Debug */,
				EE534488223252C2005A77F5 /* Release */,
			);
			defaultConfigurationIsVisible = 0;
			defaultConfigurationName = Release;
		};
		EE534489223252C2005A77F5 /* Build configuration list for PBXNativeTarget "Artbook" */ = {
			isa = XCConfigurationList;
			buildConfigurations = (
				EE53448A223252C2005A77F5 /* Debug */,
				EE53448B223252C2005A77F5 /* Release */,
			);
			defaultConfigurationIsVisible = 0;
			defaultConfigurationName = Release;
		};
/* End XCConfigurationList section */

/* Begin XCVersionGroup section */
		EE53447E223252B6005A77F5 /* Artbook.xcdatamodeld */ = {
			isa = XCVersionGroup;
			children = (
				EE53447F223252B6005A77F5 /* Artbook.xcdatamodel */,
			);
			currentVersion = EE53447F223252B6005A77F5 /* Artbook.xcdatamodel */;
			path = Artbook.xcdatamodeld;
			sourceTree = "<group>";
			versionGroupType = wrapper.xcdatamodel;
		};
/* End XCVersionGroup section */
	};
	rootObject = EE53446C223252B5005A77F5 /* Project object */;
}
